
Microsoft Visual Studio Solution File, Format Version 12.00
# Visual Studio Version 16
VisualStudioVersion = 16.0.29806.167
MinimumVisualStudioVersion = 10.0.40219.1
Project("{8BC9CEB8-8B4A-11D0-8D11-00A0C91BC942}") = "srecToProgrammer", "srecToProgrammer.vcxproj", "{43D1D1A7-F8E3-4F6A-9734-BD48C3D9A30C}"
EndProject
Global
	GlobalSection(SolutionConfigurationPlatforms) = preSolution
		Debug|x86 = Debug|x86
		Release|x86 = Release|x86
	EndGlobalSection
	GlobalSection(ProjectConfigurationPlatforms) = postSolution
		{43D1D1A7-F8E3-4F6A-9734-BD48C3D9A30C}.Debug|x86.ActiveCfg = Debug|Win32
		{43D1D1A7-F8E3-4F6A-9734-BD48C3D9A30C}.Debug|x86.Build.0 = Debug|Win32
		{43D1D1A7-F8E3-4F6A-9734-BD48C3D9A30C}.Release|x86.ActiveCfg = Release|Win32
		{43D1D1A7-F8E3-4F6A-9734-BD48C3D9A30C}.Release|x86.Build.0 = Release|Win32
	EndGlobalSection
	GlobalSection(SolutionProperties) = preSolution
		HideSolutionNode = FALSE
	EndGlobalSection
	GlobalSection(ExtensibilityGlobals) = postSolution
		SolutionGuid = {B9C39603-230F-4E02-AB9F-1BD41C07B8C0}
	EndGlobalSection
EndGlobal
